version = 1
revision = 3
requires-python = ">=3.14"

[[package]]
name = "duckdb"
version = "1.5.2"
source = { registry = "https://pypi.org/simple" }
sdist = { url = "https://files.pythonhosted.org/packages/0c/66/744b4931b799a42f8cb9bc7a6f169e7b8e51195b62b246db407fd90bf15f/duckdb-1.5.2.tar.gz", hash = "sha256:638da0d5102b6cb6f7d47f83d0600708ac1d3cb46c5e9aaabc845f9ba4d69246", size = 18017166, upload-time = "2026-04-13T11:30:09.065Z" }
wheels = [
    { url = "https://files.pythonhosted.org/packages/83/a1/f6286c67726cc1ea60a6e3c0d9fbc66527dde24ae089a51bbe298b13ca78/duckdb-1.5.2-cp314-cp314-macosx_10_15_universal2.whl", hash = "sha256:6b0fe75c148000f060aa1a27b293cacc0ea08cc1cad724fbf2143d56070a3785", size = 30078598, upload-time = "2026-04-13T11:29:49.828Z" },
    { url = "https://files.pythonhosted.org/packages/de/6a/59febb02f21a4a5c6b0b0099ef7c965fdd5e61e4904cf813809bb792e35f/duckdb-1.5.2-cp314-cp314-macosx_10_15_x86_64.whl", hash = "sha256:35579b8e3a064b5eaf15b0eafc558056a13f79a0a62e34cc4baf57119daecfec", size = 15975120, upload-time = "2026-04-13T11:29:52.631Z" },
    { url = "https://files.pythonhosted.org/packages/09/70/ce750854d37bb5a45cccbb2c3cb04df4af56aea8fc30a2499bb643b4a9c0/duckdb-1.5.2-cp314-cp314-macosx_11_0_arm64.whl", hash = "sha256:ea58ff5b0880593a280cf5511734b17711b32ee1f58b47d726e8600848358160", size = 14227762, upload-time = "2026-04-13T11:29:55.564Z" },
    { url = "https://files.pythonhosted.org/packages/28/dc/ad45ac3c0b6c4687dc649e8f6cf01af1c8b0443932a39b2abb4ebcb3babd/duckdb-1.5.2-cp314-cp314-manylinux_2_26_aarch64.manylinux_2_28_aarch64.whl", hash = "sha256:ef461bca07313412dc09961c4a4757a851f56b95ac01c58fac6007632b7b94f2", size = 19315668, upload-time = "2026-04-13T11:29:58.427Z" },
    { url = "https://files.pythonhosted.org/packages/cc/b1/1464f468d2e5813f5808de95df9d3113a645a5bfa2ffcaecbc542ddae272/duckdb-1.5.2-cp314-cp314-manylinux_2_26_x86_64.manylinux_2_28_x86_64.whl", hash = "sha256:be37680ddb380015cb37318e378c53511c45c4f0d8fac5599d22b7d092b9217a", size = 21434056, upload-time = "2026-04-13T11:30:01.238Z" },
    { url = "https://files.pythonhosted.org/packages/ce/32/6673607e024722473fa7aafdd29c0e3dd231dd528f6cd8b5797fbeeb229d/duckdb-1.5.2-cp314-cp314-win_amd64.whl", hash = "sha256:0b291786014df1133f8f18b9df4d004484613146e858d71a21791e0fcca16cf4", size = 13633667, upload-time = "2026-04-13T11:30:04.05Z" },
    { url = "https://files.pythonhosted.org/packages/7a/e3/9d34173ec068631faea3ea6e73050700729363e7e33306a9a3218e5cdc61/duckdb-1.5.2-cp314-cp314-win_arm64.whl", hash = "sha256:c9f3e0b71b8a50fccfb42794899285d9d318ce2503782b9dd54868e5ecd0ad31", size = 14402513, upload-time = "2026-04-13T11:30:06.609Z" },
]

[[package]]
name = "find-quantity"
version = "1.0.19"
source = { editable = "." }
dependencies = [
    { name = "duckdb" },
    { name = "pyyaml" },
]

[package.metadata]
requires-dist = [
    { name = "duckdb", specifier = ">=1.5.2" },
    { name = "pyyaml" },
]

[[package]]
name = "pyyaml"
version = "6.0.2"
source = { registry = "https://pypi.org/simple" }
sdist = { url = "https://files.pythonhosted.org/packages/54/ed/79a089b6be93607fa5cdaedf301d7dfb23af5f25c398d5ead2525b063e17/pyyaml-6.0.2.tar.gz", hash = "sha256:d584d9ec91ad65861cc08d42e834324ef890a082e591037abe114850ff7bbc3e", size = 130631, upload-time = "2024-08-06T20:33:50.674Z" }
